
Microsoft Visual Studio Solution File, Format Version 12.00
# Visual Studio Version 17
VisualStudioVersion = 17.8.34309.116
MinimumVisualStudioVersion = 10.0.40219.1
Project("{9A19103F-16F7-4668-BE54-9A1E7A4F7556}") = "ISXTraining.CQRS", "ISXTraining.CQRS\ISXTraining.CQRS.csproj", "{D2BAB57D-225D-4F4C-9410-ED39495A8FE0}"
EndProject
Project("{9A19103F-16F7-4668-BE54-9A1E7A4F7556}") = "Events", "Events\Events.csproj", "{36635EE7-A3B5-4F39-8AF8-3625F6BBE43D}"
EndProject
Project("{9A19103F-16F7-4668-BE54-9A1E7A4F7556}") = "Cafe", "Cafe\Cafe.csproj", "{93C9E435-6BF0-4A40-98FA-2BDFFF04F506}"
EndProject
Project("{9A19103F-16F7-4668-BE54-9A1E7A4F7556}") = "CafeTests", "CafeTests\CafeTests.csproj", "{FE7E5277-0F2B-4CC8-81B7-87AB78AF0D18}"
EndProject
Project("{9A19103F-16F7-4668-BE54-9A1E7A4F7556}") = "CafeReadModels", "CafeReadModels\CafeReadModels.csproj", "{6F605353-EDF1-4EC1-900C-4C55C105E24C}"
EndProject
Project("{9A19103F-16F7-4668-BE54-9A1E7A4F7556}") = "WebApp", "WebApp\WebApp.csproj", "{1FD640BF-0752-4B11-917D-1F8B223F8823}"
EndProject
Global
	GlobalSection(SolutionConfigurationPlatforms) = preSolution
		Debug|Any CPU = Debug|Any CPU
		Release|Any CPU = Release|Any CPU
	EndGlobalSection
	GlobalSection(ProjectConfigurationPlatforms) = postSolution
		{D2BAB57D-225D-4F4C-9410-ED39495A8FE0}.Debug|Any CPU.ActiveCfg = Debug|Any CPU
		{D2BAB57D-225D-4F4C-9410-ED39495A8FE0}.Debug|Any CPU.Build.0 = Debug|Any CPU
		{D2BAB57D-225D-4F4C-9410-ED39495A8FE0}.Release|Any CPU.ActiveCfg = Release|Any CPU
		{D2BAB57D-225D-4F4C-9410-ED39495A8FE0}.Release|Any CPU.Build.0 = Release|Any CPU
		{36635EE7-A3B5-4F39-8AF8-3625F6BBE43D}.Debug|Any CPU.ActiveCfg = Debug|Any CPU
		{36635EE7-A3B5-4F39-8AF8-3625F6BBE43D}.Debug|Any CPU.Build.0 = Debug|Any CPU
		{36635EE7-A3B5-4F39-8AF8-3625F6BBE43D}.Release|Any CPU.ActiveCfg = Release|Any CPU
		{36635EE7-A3B5-4F39-8AF8-3625F6BBE43D}.Release|Any CPU.Build.0 = Release|Any CPU
		{93C9E435-6BF0-4A40-98FA-2BDFFF04F506}.Debug|Any CPU.ActiveCfg = Debug|Any CPU
		{93C9E435-6BF0-4A40-98FA-2BDFFF04F506}.Debug|Any CPU.Build.0 = Debug|Any CPU
		{93C9E435-6BF0-4A40-98FA-2BDFFF04F506}.Release|Any CPU.ActiveCfg = Release|Any CPU
		{93C9E435-6BF0-4A40-98FA-2BDFFF04F506}.Release|Any CPU.Build.0 = Release|Any CPU
		{FE7E5277-0F2B-4CC8-81B7-87AB78AF0D18}.Debug|Any CPU.ActiveCfg = Debug|Any CPU
		{FE7E5277-0F2B-4CC8-81B7-87AB78AF0D18}.Debug|Any CPU.Build.0 = Debug|Any CPU
		{FE7E5277-0F2B-4CC8-81B7-87AB78AF0D18}.Release|Any CPU.ActiveCfg = Release|Any CPU
		{FE7E5277-0F2B-4CC8-81B7-87AB78AF0D18}.Release|Any CPU.Build.0 = Release|Any CPU
		{6F605353-EDF1-4EC1-900C-4C55C105E24C}.Debug|Any CPU.ActiveCfg = Debug|Any CPU
		{6F605353-EDF1-4EC1-900C-4C55C105E24C}.Debug|Any CPU.Build.0 = Debug|Any CPU
		{6F605353-EDF1-4EC1-900C-4C55C105E24C}.Release|Any CPU.ActiveCfg = Release|Any CPU
		{6F605353-EDF1-4EC1-900C-4C55C105E24C}.Release|Any CPU.Build.0 = Release|Any CPU
		{1FD640BF-0752-4B11-917D-1F8B223F8823}.Debug|Any CPU.ActiveCfg = Debug|Any CPU
		{1FD640BF-0752-4B11-917D-1F8B223F8823}.Debug|Any CPU.Build.0 = Debug|Any CPU
		{1FD640BF-0752-4B11-917D-1F8B223F8823}.Release|Any CPU.ActiveCfg = Release|Any CPU
		{1FD640BF-0752-4B11-917D-1F8B223F8823}.Release|Any CPU.Build.0 = Release|Any CPU
	EndGlobalSection
	GlobalSection(SolutionProperties) = preSolution
		HideSolutionNode = FALSE
	EndGlobalSection
	GlobalSection(ExtensibilityGlobals) = postSolution
		SolutionGuid = {1F0DAD94-B6A5-4663-8D79-BA8317BF7FB4}
	EndGlobalSection
EndGlobal
